
Microsoft Visual Studio Solution File, Format Version 12.00
# Visual Studio 15
VisualStudioVersion = 15.0.28307.271
MinimumVisualStudioVersion = 10.0.40219.1
Project("{FAE04EC0-301F-11D3-BF4B-00C04F79EFBC}") = "MorePain(t)", "MorePain(t)\MorePain(t).csproj", "{8996103C-C7B0-486F-A6A3-F4D1EF6D8F90}"
EndProject
Global
	GlobalSection(SolutionConfigurationPlatforms) = preSolution
		Debug|Any CPU = Debug|Any CPU
		Release|Any CPU = Release|Any CPU
	EndGlobalSection
	GlobalSection(ProjectConfigurationPlatforms) = postSolution
		{8996103C-C7B0-486F-A6A3-F4D1EF6D8F90}.Debug|Any CPU.ActiveCfg = Debug|Any CPU
		{8996103C-C7B0-486F-A6A3-F4D1EF6D8F90}.Debug|Any CPU.Build.0 = Debug|Any CPU
		{8996103C-C7B0-486F-A6A3-F4D1EF6D8F90}.Release|Any CPU.ActiveCfg = Release|Any CPU
		{8996103C-C7B0-486F-A6A3-F4D1EF6D8F90}.Release|Any CPU.Build.0 = Release|Any CPU
	EndGlobalSection
	GlobalSection(SolutionProperties) = preSolution
		HideSolutionNode = FALSE
	EndGlobalSection
	GlobalSection(ExtensibilityGlobals) = postSolution
		SolutionGuid = {AA99EF0A-BFCD-4E46-BCFC-56293476DACC}
	EndGlobalSection
EndGlobal
